
Microsoft Visual Studio Solution File, Format Version 10.00
# Visual Studio 2008
Project("{FAE04EC0-301F-11D3-BF4B-00C04F79EFBC}") = "ExtractImagesFromPDF.itextsharp", "ExtractImagesFromPDF.itextsharp\ExtractImagesFromPDF.itextsharp.csproj", "{72922DAF-5C7E-4980-93BA-3FC4089D0122}"
EndProject
Project("{FAE04EC0-301F-11D3-BF4B-00C04F79EFBC}") = "ExtractImagesFromPDF.PDFSharp", "ExtractImagesFromPDF.PDFSharp\ExtractImagesFromPDF.PDFSharp.csproj", "{744B5ACC-D0F8-4F39-863E-6247643463DB}"
EndProject
Project("{FAE04EC0-301F-11D3-BF4B-00C04F79EFBC}") = "ExtractTextFromPDF.itextsharp", "ExtractTextFromPDF.itextsharp\ExtractTextFromPDF.itextsharp.csproj", "{563F5F70-3855-4EE3-B100-78D6D937F0CB}"
EndProject
Project("{FAE04EC0-301F-11D3-BF4B-00C04F79EFBC}") = "pdf2image.ABCpdf", "pdf2image.ABCpdf\pdf2image.ABCpdf.csproj", "{2FC2CAE0-EF3C-46CA-923A-74C9DF012615}"
EndProject
Project("{FAE04EC0-301F-11D3-BF4B-00C04F79EFBC}") = "pdf2image.Acrobat", "pdf2image.Acrobat\pdf2image.Acrobat.csproj", "{6B10F5B0-4DFE-41A3-8CCE-521D753E167B}"
EndProject
Project("{FAE04EC0-301F-11D3-BF4B-00C04F79EFBC}") = "pdf2image.Apitron.PDF.Rasterizer", "pdf2image.Apitron.PDF.Rasterizer\pdf2image.Apitron.PDF.Rasterizer.csproj", "{4EC2A4AB-2115-49D9-93D4-DC3DAD59DB47}"
EndProject
Project("{FAE04EC0-301F-11D3-BF4B-00C04F79EFBC}") = "pdf2image.Ghostscript", "pdf2image.Ghostscript\pdf2image.Ghostscript.csproj", "{80F594AD-73FD-4B1C-A98B-938BBC677AE4}"
EndProject
Project("{FAE04EC0-301F-11D3-BF4B-00C04F79EFBC}") = "pdf2image.O2S.Components.PDFRender4NET", "pdf2image.O2S.Components.PDFRender4NET\pdf2image.O2S.Components.PDFRender4NET.csproj", "{FA9E1E59-B87C-4A2A-A17A-15E1D78449C4}"
EndProject
Project("{FAE04EC0-301F-11D3-BF4B-00C04F79EFBC}") = "pdf2image.PDFLibNet", "pdf2image.PDFLibNet\pdf2image.PDFLibNet.csproj", "{D4AF992F-A948-4154-96ED-9E5792B3C3B6}"
EndProject
Project("{FAE04EC0-301F-11D3-BF4B-00C04F79EFBC}") = "pdf2image.SautinSoft.PdfFocus", "pdf2image.SautinSoft.PdfFocus\pdf2image.SautinSoft.PdfFocus.csproj", "{BC37BD9F-F022-4EE8-8544-4CDAA24F2F26}"
EndProject
Project("{FAE04EC0-301F-11D3-BF4B-00C04F79EFBC}") = "pdf2image.TallComponents.PDF.Rasterizer", "pdf2image.TallComponents.PDF.Rasterizer\pdf2image.TallComponents.PDF.Rasterizer.csproj", "{0D32BD3A-B93E-4CFC-8A6B-69BE368330C2}"
EndProject
Project("{FAE04EC0-301F-11D3-BF4B-00C04F79EFBC}") = "word2image.Aspose", "word2image.Aspose\word2image.Aspose.csproj", "{230C7B95-891C-4CB5-BE8B-BF2A09655E8C}"
EndProject
Project("{FAE04EC0-301F-11D3-BF4B-00C04F79EFBC}") = "word2pdf.Microsoft", "word2pdf.Microsoft\word2pdf.Microsoft.csproj", "{324BFC4D-8F79-479F-997A-49A00023EAC3}"
EndProject
Global
	GlobalSection(SolutionConfigurationPlatforms) = preSolution
		Debug|Any CPU = Debug|Any CPU
		Release|Any CPU = Release|Any CPU
	EndGlobalSection
	GlobalSection(ProjectConfigurationPlatforms) = postSolution
		{72922DAF-5C7E-4980-93BA-3FC4089D0122}.Debug|Any CPU.ActiveCfg = Debug|Any CPU
		{72922DAF-5C7E-4980-93BA-3FC4089D0122}.Debug|Any CPU.Build.0 = Debug|Any CPU
		{72922DAF-5C7E-4980-93BA-3FC4089D0122}.Release|Any CPU.ActiveCfg = Release|Any CPU
		{72922DAF-5C7E-4980-93BA-3FC4089D0122}.Release|Any CPU.Build.0 = Release|Any CPU
		{744B5ACC-D0F8-4F39-863E-6247643463DB}.Debug|Any CPU.ActiveCfg = Debug|Any CPU
		{744B5ACC-D0F8-4F39-863E-6247643463DB}.Debug|Any CPU.Build.0 = Debug|Any CPU
		{744B5ACC-D0F8-4F39-863E-6247643463DB}.Release|Any CPU.ActiveCfg = Release|Any CPU
		{744B5ACC-D0F8-4F39-863E-6247643463DB}.Release|Any CPU.Build.0 = Release|Any CPU
		{563F5F70-3855-4EE3-B100-78D6D937F0CB}.Debug|Any CPU.ActiveCfg = Debug|Any CPU
		{563F5F70-3855-4EE3-B100-78D6D937F0CB}.Debug|Any CPU.Build.0 = Debug|Any CPU
		{563F5F70-3855-4EE3-B100-78D6D937F0CB}.Release|Any CPU.ActiveCfg = Release|Any CPU
		{563F5F70-3855-4EE3-B100-78D6D937F0CB}.Release|Any CPU.Build.0 = Release|Any CPU
		{2FC2CAE0-EF3C-46CA-923A-74C9DF012615}.Debug|Any CPU.ActiveCfg = Debug|Any CPU
		{2FC2CAE0-EF3C-46CA-923A-74C9DF012615}.Debug|Any CPU.Build.0 = Debug|Any CPU
		{2FC2CAE0-EF3C-46CA-923A-74C9DF012615}.Release|Any CPU.ActiveCfg = Release|Any CPU
		{2FC2CAE0-EF3C-46CA-923A-74C9DF012615}.Release|Any CPU.Build.0 = Release|Any CPU
		{6B10F5B0-4DFE-41A3-8CCE-521D753E167B}.Debug|Any CPU.ActiveCfg = Debug|Any CPU
		{6B10F5B0-4DFE-41A3-8CCE-521D753E167B}.Debug|Any CPU.Build.0 = Debug|Any CPU
		{6B10F5B0-4DFE-41A3-8CCE-521D753E167B}.Release|Any CPU.ActiveCfg = Release|Any CPU
		{6B10F5B0-4DFE-41A3-8CCE-521D753E167B}.Release|Any CPU.Build.0 = Release|Any CPU
		{4EC2A4AB-2115-49D9-93D4-DC3DAD59DB47}.Debug|Any CPU.ActiveCfg = Debug|Any CPU
		{4EC2A4AB-2115-49D9-93D4-DC3DAD59DB47}.Debug|Any CPU.Build.0 = Debug|Any CPU
		{4EC2A4AB-2115-49D9-93D4-DC3DAD59DB47}.Release|Any CPU.ActiveCfg = Release|Any CPU
		{4EC2A4AB-2115-49D9-93D4-DC3DAD59DB47}.Release|Any CPU.Build.0 = Release|Any CPU
		{80F594AD-73FD-4B1C-A98B-938BBC677AE4}.Debug|Any CPU.ActiveCfg = Debug|Any CPU
		{80F594AD-73FD-4B1C-A98B-938BBC677AE4}.Debug|Any CPU.Build.0 = Debug|Any CPU
		{80F594AD-73FD-4B1C-A98B-938BBC677AE4}.Release|Any CPU.ActiveCfg = Release|Any CPU
		{80F594AD-73FD-4B1C-A98B-938BBC677AE4}.Release|Any CPU.Build.0 = Release|Any CPU
		{FA9E1E59-B87C-4A2A-A17A-15E1D78449C4}.Debug|Any CPU.ActiveCfg = Debug|Any CPU
		{FA9E1E59-B87C-4A2A-A17A-15E1D78449C4}.Debug|Any CPU.Build.0 = Debug|Any CPU
		{FA9E1E59-B87C-4A2A-A17A-15E1D78449C4}.Release|Any CPU.ActiveCfg = Release|Any CPU
		{FA9E1E59-B87C-4A2A-A17A-15E1D78449C4}.Release|Any CPU.Build.0 = Release|Any CPU
		{D4AF992F-A948-4154-96ED-9E5792B3C3B6}.Debug|Any CPU.ActiveCfg = Debug|Any CPU
		{D4AF992F-A948-4154-96ED-9E5792B3C3B6}.Debug|Any CPU.Build.0 = Debug|Any CPU
		{D4AF992F-A948-4154-96ED-9E5792B3C3B6}.Release|Any CPU.ActiveCfg = Release|Any CPU
		{D4AF992F-A948-4154-96ED-9E5792B3C3B6}.Release|Any CPU.Build.0 = Release|Any CPU
		{BC37BD9F-F022-4EE8-8544-4CDAA24F2F26}.Debug|Any CPU.ActiveCfg = Debug|Any CPU
		{BC37BD9F-F022-4EE8-8544-4CDAA24F2F26}.Debug|Any CPU.Build.0 = Debug|Any CPU
		{BC37BD9F-F022-4EE8-8544-4CDAA24F2F26}.Release|Any CPU.ActiveCfg = Release|Any CPU
		{BC37BD9F-F022-4EE8-8544-4CDAA24F2F26}.Release|Any CPU.Build.0 = Release|Any CPU
		{0D32BD3A-B93E-4CFC-8A6B-69BE368330C2}.Debug|Any CPU.ActiveCfg = Debug|Any CPU
		{0D32BD3A-B93E-4CFC-8A6B-69BE368330C2}.Debug|Any CPU.Build.0 = Debug|Any CPU
		{0D32BD3A-B93E-4CFC-8A6B-69BE368330C2}.Release|Any CPU.ActiveCfg = Release|Any CPU
		{0D32BD3A-B93E-4CFC-8A6B-69BE368330C2}.Release|Any CPU.Build.0 = Release|Any CPU
		{230C7B95-891C-4CB5-BE8B-BF2A09655E8C}.Debug|Any CPU.ActiveCfg = Debug|Any CPU
		{230C7B95-891C-4CB5-BE8B-BF2A09655E8C}.Debug|Any CPU.Build.0 = Debug|Any CPU
		{230C7B95-891C-4CB5-BE8B-BF2A09655E8C}.Release|Any CPU.ActiveCfg = Release|Any CPU
		{230C7B95-891C-4CB5-BE8B-BF2A09655E8C}.Release|Any CPU.Build.0 = Release|Any CPU
		{324BFC4D-8F79-479F-997A-49A00023EAC3}.Debug|Any CPU.ActiveCfg = Debug|Any CPU
		{324BFC4D-8F79-479F-997A-49A00023EAC3}.Debug|Any CPU.Build.0 = Debug|Any CPU
		{324BFC4D-8F79-479F-997A-49A00023EAC3}.Release|Any CPU.ActiveCfg = Release|Any CPU
		{324BFC4D-8F79-479F-997A-49A00023EAC3}.Release|Any CPU.Build.0 = Release|Any CPU
	EndGlobalSection
	GlobalSection(SolutionProperties) = preSolution
		HideSolutionNode = FALSE
	EndGlobalSection
EndGlobal
